
Microsoft Visual Studio Solution File, Format Version 12.00
# Visual Studio Version 17
VisualStudioVersion = 17.14.36221.1
MinimumVisualStudioVersion = 10.0.40219.1
Project("{FAE04EC0-301F-11D3-BF4B-00C04F79EFBC}") = "MusicQuiz.API", "MusicQuiz.API\MusicQuiz.API.csproj", "{93CECE41-890B-4403-89FA-88DDC8C453FF}"
EndProject
Project("{FAE04EC0-301F-11D3-BF4B-00C04F79EFBC}") = "MusicQuiz.Services.Games", "MusicQuiz.Services.Games\MusicQuiz.Services.Games.csproj", "{2553BF0B-00C9-4F6F-9C18-742B0982A020}"
EndProject
Project("{FAE04EC0-301F-11D3-BF4B-00C04F79EFBC}") = "MusicQuiz.Services.Scoreboard", "MusicQuiz.Services.Scoreboard\MusicQuiz.Services.Scoreboard.csproj", "{3C3A0387-5B71-4A95-AB86-C7C48A8C181B}"
EndProject
Project("{FAE04EC0-301F-11D3-BF4B-00C04F79EFBC}") = "MusicQuiz.Messages", "MusicQuiz.Messages\MusicQuiz.Messages.csproj", "{D55EE51B-34D1-48F0-948C-34F52334210E}"
EndProject
Global
	GlobalSection(SolutionConfigurationPlatforms) = preSolution
		Debug|Any CPU = Debug|Any CPU
		Release|Any CPU = Release|Any CPU
	EndGlobalSection
	GlobalSection(ProjectConfigurationPlatforms) = postSolution
		{93CECE41-890B-4403-89FA-88DDC8C453FF}.Debug|Any CPU.ActiveCfg = Debug|Any CPU
		{93CECE41-890B-4403-89FA-88DDC8C453FF}.Debug|Any CPU.Build.0 = Debug|Any CPU
		{93CECE41-890B-4403-89FA-88DDC8C453FF}.Release|Any CPU.ActiveCfg = Release|Any CPU
		{93CECE41-890B-4403-89FA-88DDC8C453FF}.Release|Any CPU.Build.0 = Release|Any CPU
		{2553BF0B-00C9-4F6F-9C18-742B0982A020}.Debug|Any CPU.ActiveCfg = Debug|Any CPU
		{2553BF0B-00C9-4F6F-9C18-742B0982A020}.Debug|Any CPU.Build.0 = Debug|Any CPU
		{2553BF0B-00C9-4F6F-9C18-742B0982A020}.Release|Any CPU.ActiveCfg = Release|Any CPU
		{2553BF0B-00C9-4F6F-9C18-742B0982A020}.Release|Any CPU.Build.0 = Release|Any CPU
		{3C3A0387-5B71-4A95-AB86-C7C48A8C181B}.Debug|Any CPU.ActiveCfg = Debug|Any CPU
		{3C3A0387-5B71-4A95-AB86-C7C48A8C181B}.Debug|Any CPU.Build.0 = Debug|Any CPU
		{3C3A0387-5B71-4A95-AB86-C7C48A8C181B}.Release|Any CPU.ActiveCfg = Release|Any CPU
		{3C3A0387-5B71-4A95-AB86-C7C48A8C181B}.Release|Any CPU.Build.0 = Release|Any CPU
		{D55EE51B-34D1-48F0-948C-34F52334210E}.Debug|Any CPU.ActiveCfg = Debug|Any CPU
		{D55EE51B-34D1-48F0-948C-34F52334210E}.Debug|Any CPU.Build.0 = Debug|Any CPU
		{D55EE51B-34D1-48F0-948C-34F52334210E}.Release|Any CPU.ActiveCfg = Release|Any CPU
		{D55EE51B-34D1-48F0-948C-34F52334210E}.Release|Any CPU.Build.0 = Release|Any CPU
	EndGlobalSection
	GlobalSection(SolutionProperties) = preSolution
		HideSolutionNode = FALSE
	EndGlobalSection
	GlobalSection(ExtensibilityGlobals) = postSolution
		SolutionGuid = {F1C837E3-697B-42CE-A78B-6F573AB94D24}
	EndGlobalSection
EndGlobal
